// !$*UTF8*$!
{
	archiveVersion = 1;
	classes = {
	};
	objectVersion = 77;
	objects = {

/* Begin PBXBuildFile section */
		0AFD4BDD2CE69DAF00A7B421 /* FirebaseAuth in Frameworks */ = {isa = PBXBuildFile; productRef = 0AFD4BDC2CE69DAF00A7B421 /* FirebaseAuth */; };
		0AFD4BDF2CE69DAF00A7B421 /* FirebaseCore in Frameworks */ = {isa = PBXBuildFile; productRef = 0AFD4BDE2CE69DAF00A7B421 /* FirebaseCore */; };
		0AFD4BE12CE69DAF00A7B421 /* FirebaseFirestore in Frameworks */ = {isa = PBXBuildFile; productRef = 0AFD4BE02CE69DAF00A7B421 /* FirebaseFirestore */; };
		0AFD4BE32CE69DAF00A7B421 /* FirebaseStorage in Frameworks */ = {isa = PBXBuildFile; productRef = 0AFD4BE22CE69DAF00A7B421 /* FirebaseStorage */; };
/* End PBXBuildFile section */

/* Begin PBXContainerItemProxy section */
		0A89E0E62CE3117A00DFD3A4 /* PBXContainerItemProxy */ = {
			isa = PBXContainerItemProxy;
			containerPortal = 0A89E0CC2CE3117900DFD3A4 /* Project object */;
			proxyType = 1;
			remoteGlobalIDString = 0A89E0D32CE3117900DFD3A4;
			remoteInfo = LCVAPortal;
		};
		0A89E0F02CE3117A00DFD3A4 /* PBXContainerItemProxy */ = {
			isa = PBXContainerItemProxy;
			containerPortal = 0A89E0CC2CE3117900DFD3A4 /* Project object */;
			proxyType = 1;
			remoteGlobalIDString = 0A89E0D32CE3117900DFD3A4;
			remoteInfo = LCVAPortal;
		};
/* End PBXContainerItemProxy section */

/* Begin PBXFileReference section */
		0A89E0D42CE3117900DFD3A4 /* LCVAPortal.app */ = {isa = PBXFileReference; explicitFileType = wrapper.application; includeInIndex = 0; path = LCVAPortal.app; sourceTree = BUILT_PRODUCTS_DIR; };
		0A89E0E52CE3117A00DFD3A4 /* LCVAPortalTests.xctest */ = {isa = PBXFileReference; explicitFileType = wrapper.cfbundle; includeInIndex = 0; path = LCVAPortalTests.xctest; sourceTree = BUILT_PRODUCTS_DIR; };
		0A89E0EF2CE3117A00DFD3A4 /* LCVAPortalUITests.xctest */ = {isa = PBXFileReference; explicitFileType = wrapper.cfbundle; includeInIndex = 0; path = LCVAPortalUITests.xctest; sourceTree = BUILT_PRODUCTS_DIR; };
/* End PBXFileReference section */

/* Begin PBXFileSystemSynchronizedRootGroup section */
		0A89E0D62CE3117900DFD3A4 /* LCVAPortal */ = {
			isa = PBXFileSystemSynchronizedRootGroup;
			path = LCVAPortal;
			sourceTree = "<group>";
		};
		0A89E0E82CE3117A00DFD3A4 /* LCVAPortalTests */ = {
			isa = PBXFileSystemSynchronizedRootGroup;
			path = LCVAPortalTests;
			sourceTree = "<group>";
		};
		0A89E0F22CE3117A00DFD3A4 /* LCVAPortalUITests */ = {
			isa = PBXFileSystemSynchronizedRootGroup;
			path = LCVAPortalUITests;
			sourceTree = "<group>";
		};
/* End PBXFileSystemSynchronizedRootGroup section */

/* Begin PBXFrameworksBuildPhase section */
		0A89E0D12CE3117900DFD3A4 /* Frameworks */ = {
			isa = PBXFrameworksBuildPhase;
			buildActionMask = 2147483647;
			files = (
				0AFD4BDF2CE69DAF00A7B421 /* FirebaseCore in Frameworks */,
				0AFD4BE32CE69DAF00A7B421 /* FirebaseStorage in Frameworks */,
				0AFD4BDD2CE69DAF00A7B421 /* FirebaseAuth in Frameworks */,
				0AFD4BE12CE69DAF00A7B421 /* FirebaseFirestore in Frameworks */,
			);
			runOnlyForDeploymentPostprocessing = 0;
		};
		0A89E0E22CE3117A00DFD3A4 /* Frameworks */ = {
			isa = PBXFrameworksBuildPhase;
			buildActionMask = 2147483647;
			files = (
			);
			runOnlyForDeploymentPostprocessing = 0;
		};
		0A89E0EC2CE3117A00DFD3A4 /* Frameworks */ = {
			isa = PBXFrameworksBuildPhase;
			buildActionMask = 2147483647;
			files = (
			);
			runOnlyForDeploymentPostprocessing = 0;
		};
/* End PBXFrameworksBuildPhase section */

/* Begin PBXGroup section */
		0A89E0CB2CE3117900DFD3A4 = {
			isa = PBXGroup;
			children = (
				0A89E0D62CE3117900DFD3A4 /* LCVAPortal */,
				0A89E0E82CE3117A00DFD3A4 /* LCVAPortalTests */,
				0A89E0F22CE3117A00DFD3A4 /* LCVAPortalUITests */,
				0A89E0D52CE3117900DFD3A4 /* Products */,
			);
			sourceTree = "<group>";
		};
		0A89E0D52CE3117900DFD3A4 /* Products */ = {
			isa = PBXGroup;
			children = (
				0A89E0D42CE3117900DFD3A4 /* LCVAPortal.app */,
				0A89E0E52CE3117A00DFD3A4 /* LCVAPortalTests.xctest */,
				0A89E0EF2CE3117A00DFD3A4 /* LCVAPortalUITests.xctest */,
			);
			name = Products;
			sourceTree = "<group>";
		};
/* End PBXGroup section */

/* Begin PBXNativeTarget section */
		0A89E0D32CE3117900DFD3A4 /* LCVAPortal */ = {
			isa = PBXNativeTarget;
			buildConfigurationList = 0A89E0F92CE3117A00DFD3A4 /* Build configuration list for PBXNativeTarget "LCVAPortal" */;
			buildPhases = (
				0A89E0D02CE3117900DFD3A4 /* Sources */,
				0A89E0D12CE3117900DFD3A4 /* Frameworks */,
				0A89E0D22CE3117900DFD3A4 /* Resources */,
			);
			buildRules = (
			);
			dependencies = (
			);
			fileSystemSynchronizedGroups = (
				0A89E0D62CE3117900DFD3A4 /* LCVAPortal */,
			);
			name = LCVAPortal;
			packageProductDependencies = (
				0AFD4BDC2CE69DAF00A7B421 /* FirebaseAuth */,
				0AFD4BDE2CE69DAF00A7B421 /* FirebaseCore */,
				0AFD4BE02CE69DAF00A7B421 /* FirebaseFirestore */,
				0AFD4BE22CE69DAF00A7B421 /* FirebaseStorage */,
			);
			productName = LCVAPortal;
			productReference = 0A89E0D42CE3117900DFD3A4 /* LCVAPortal.app */;
			productType = "com.apple.product-type.application";
		};
		0A89E0E42CE3117A00DFD3A4 /* LCVAPortalTests */ = {
			isa = PBXNativeTarget;
			buildConfigurationList = 0A89E0FC2CE3117A00DFD3A4 /* Build configuration list for PBXNativeTarget "LCVAPortalTests" */;
			buildPhases = (
				0A89E0E12CE3117A00DFD3A4 /* Sources */,
				0A89E0E22CE3117A00DFD3A4 /* Frameworks */,
				0A89E0E32CE3117A00DFD3A4 /* Resources */,
			);
			buildRules = (
			);
			dependencies = (
				0A89E0E72CE3117A00DFD3A4 /* PBXTargetDependency */,
			);
			fileSystemSynchronizedGroups = (
				0A89E0E82CE3117A00DFD3A4 /* LCVAPortalTests */,
			);
			name = LCVAPortalTests;
			packageProductDependencies = (
			);
			productName = LCVAPortalTests;
			productReference = 0A89E0E52CE3117A00DFD3A4 /* LCVAPortalTests.xctest */;
			productType = "com.apple.product-type.bundle.unit-test";
		};
		0A89E0EE2CE3117A00DFD3A4 /* LCVAPortalUITests */ = {
			isa = PBXNativeTarget;
			buildConfigurationList = 0A89E0FF2CE3117A00DFD3A4 /* Build configuration list for PBXNativeTarget "LCVAPortalUITests" */;
			buildPhases = (
				0A89E0EB2CE3117A00DFD3A4 /* Sources */,
				0A89E0EC2CE3117A00DFD3A4 /* Frameworks */,
				0A89E0ED2CE3117A00DFD3A4 /* Resources */,
			);
			buildRules = (
			);
			dependencies = (
				0A89E0F12CE3117A00DFD3A4 /* PBXTargetDependency */,
			);
			fileSystemSynchronizedGroups = (
				0A89E0F22CE3117A00DFD3A4 /* LCVAPortalUITests */,
			);
			name = LCVAPortalUITests;
			packageProductDependencies = (
			);
			productName = LCVAPortalUITests;
			productReference = 0A89E0EF2CE3117A00DFD3A4 /* LCVAPortalUITests.xctest */;
			productType = "com.apple.product-type.bundle.ui-testing";
		};
/* End PBXNativeTarget section */

/* Begin PBXProject section */
		0A89E0CC2CE3117900DFD3A4 /* Project object */ = {
			isa = PBXProject;
			attributes = {
				BuildIndependentTargetsInParallel = 1;
				LastSwiftUpdateCheck = 1610;
				LastUpgradeCheck = 1610;
				TargetAttributes = {
					0A89E0D32CE3117900DFD3A4 = {
						CreatedOnToolsVersion = 16.1;
					};
					0A89E0E42CE3117A00DFD3A4 = {
						CreatedOnToolsVersion = 16.1;
						TestTargetID = 0A89E0D32CE3117900DFD3A4;
					};
					0A89E0EE2CE3117A00DFD3A4 = {
						CreatedOnToolsVersion = 16.1;
						TestTargetID = 0A89E0D32CE3117900DFD3A4;
					};
				};
			};
			buildConfigurationList = 0A89E0CF2CE3117900DFD3A4 /* Build configuration list for PBXProject "LCVAPortal" */;
			developmentRegion = en;
			hasScannedForEncodings = 0;
			knownRegions = (
				en,
				Base,
			);
			mainGroup = 0A89E0CB2CE3117900DFD3A4;
			minimizedProjectReferenceProxies = 1;
			packageReferences = (
				0AFD4BDB2CE69DAF00A7B421 /* XCRemoteSwiftPackageReference "firebase-ios-sdk" */,
			);
			preferredProjectObjectVersion = 77;
			productRefGroup = 0A89E0D52CE3117900DFD3A4 /* Products */;
			projectDirPath = "";
			projectRoot = "";
			targets = (
				0A89E0D32CE3117900DFD3A4 /* LCVAPortal */,
				0A89E0E42CE3117A00DFD3A4 /* LCVAPortalTests */,
				0A89E0EE2CE3117A00DFD3A4 /* LCVAPortalUITests */,
			);
		};
/* End PBXProject section */

/* Begin PBXResourcesBuildPhase section */
		0A89E0D22CE3117900DFD3A4 /* Resources */ = {
			isa = PBXResourcesBuildPhase;
			buildActionMask = 2147483647;
			files = (
			);
			runOnlyForDeploymentPostprocessing = 0;
		};
		0A89E0E32CE3117A00DFD3A4 /* Resources */ = {
			isa = PBXResourcesBuildPhase;
			buildActionMask = 2147483647;
			files = (
			);
			runOnlyForDeploymentPostprocessing = 0;
		};
		0A89E0ED2CE3117A00DFD3A4 /* Resources */ = {
			isa = PBXResourcesBuildPhase;
			buildActionMask = 2147483647;
			files = (
			);
			runOnlyForDeploymentPostprocessing = 0;
		};
/* End PBXResourcesBuildPhase section */

/* Begin PBXSourcesBuildPhase section */
		0A89E0D02CE3117900DFD3A4 /* Sources */ = {
			isa = PBXSourcesBuildPhase;
			buildActionMask = 2147483647;
			files = (
			);
			runOnlyForDeploymentPostprocessing = 0;
		};
		0A89E0E12CE3117A00DFD3A4 /* Sources */ = {
			isa = PBXSourcesBuildPhase;
			buildActionMask = 2147483647;
			files = (
			);
			runOnlyForDeploymentPostprocessing = 0;
		};
		0A89E0EB2CE3117A00DFD3A4 /* Sources */ = {
			isa = PBXSourcesBuildPhase;
			buildActionMask = 2147483647;
			files = (
			);
			runOnlyForDeploymentPostprocessing = 0;
		};
/* End PBXSourcesBuildPhase section */

/* Begin PBXTargetDependency section */
		0A89E0E72CE3117A00DFD3A4 /* PBXTargetDependency */ = {
			isa = PBXTargetDependency;
			target = 0A89E0D32CE3117900DFD3A4 /* LCVAPortal */;
			targetProxy = 0A89E0E62CE3117A00DFD3A4 /* PBXContainerItemProxy */;
		};
		0A89E0F12CE3117A00DFD3A4 /* PBXTargetDependency */ = {
			isa = PBXTargetDependency;
			target = 0A89E0D32CE3117900DFD3A4 /* LCVAPortal */;
			targetProxy = 0A89E0F02CE3117A00DFD3A4 /* PBXContainerItemProxy */;
		};
/* End PBXTargetDependency section */

/* Begin XCBuildConfiguration section */
		0A89E0F72CE3117A00DFD3A4 /* Debug */ = {
			isa = XCBuildConfiguration;
			buildSettings = {
				ALWAYS_SEARCH_USER_PATHS = NO;
				ASSETCATALOG_COMPILER_GENERATE_SWIFT_ASSET_SYMBOL_EXTENSIONS = YES;
				CLANG_ANALYZER_NONNULL = YES;
				CLANG_ANALYZER_NUMBER_OBJECT_CONVERSION = YES_AGGRESSIVE;
				CLANG_CXX_LANGUAGE_STANDARD = "gnu++20";
				CLANG_ENABLE_MODULES = YES;
				CLANG_ENABLE_OBJC_ARC = YES;
				CLANG_ENABLE_OBJC_WEAK = YES;
				CLANG_WARN_BLOCK_CAPTURE_AUTORELEASING = YES;
				CLANG_WARN_BOOL_CONVERSION = YES;
				CLANG_WARN_COMMA = YES;
				CLANG_WARN_CONSTANT_CONVERSION = YES;
				CLANG_WARN_DEPRECATED_OBJC_IMPLEMENTATIONS = YES;
				CLANG_WARN_DIRECT_OBJC_ISA_USAGE = YES_ERROR;
				CLANG_WARN_DOCUMENTATION_COMMENTS = YES;
				CLANG_WARN_EMPTY_BODY = YES;
				CLANG_WARN_ENUM_CONVERSION = YES;
				CLANG_WARN_INFINITE_RECURSION = YES;
				CLANG_WARN_INT_CONVERSION = YES;
				CLANG_WARN_NON_LITERAL_NULL_CONVERSION = YES;
				CLANG_WARN_OBJC_IMPLICIT_RETAIN_SELF = YES;
				CLANG_WARN_OBJC_LITERAL_CONVERSION = YES;
				CLANG_WARN_OBJC_ROOT_CLASS = YES_ERROR;
				CLANG_WARN_QUOTED_INCLUDE_IN_FRAMEWORK_HEADER = YES;
				CLANG_WARN_RANGE_LOOP_ANALYSIS = YES;
				CLANG_WARN_STRICT_PROTOTYPES = YES;
				CLANG_WARN_SUSPICIOUS_MOVE = YES;
				CLANG_WARN_UNGUARDED_AVAILABILITY = YES_AGGRESSIVE;
				CLANG_WARN_UNREACHABLE_CODE = YES;
				CLANG_WARN__DUPLICATE_METHOD_MATCH = YES;
				COPY_PHASE_STRIP = NO;
				DEBUG_INFORMATION_FORMAT = dwarf;
				ENABLE_STRICT_OBJC_MSGSEND = YES;
				ENABLE_TESTABILITY = YES;
				ENABLE_USER_SCRIPT_SANDBOXING = YES;
				GCC_C_LANGUAGE_STANDARD = gnu17;
				GCC_DYNAMIC_NO_PIC = NO;
				GCC_NO_COMMON_BLOCKS = YES;
				GCC_OPTIMIZATION_LEVEL = 0;
				GCC_PREPROCESSOR_DEFINITIONS = (
					"DEBUG=1",
					"$(inherited)",
				);
				GCC_WARN_64_TO_32_BIT_CONVERSION = YES;
				GCC_WARN_ABOUT_RETURN_TYPE = YES_ERROR;
				GCC_WARN_UNDECLARED_SELECTOR = YES;
				GCC_WARN_UNINITIALIZED_AUTOS = YES_AGGRESSIVE;
				GCC_WARN_UNUSED_FUNCTION = YES;
				GCC_WARN_UNUSED_VARIABLE = YES;
				LOCALIZATION_PREFERS_STRING_CATALOGS = YES;
				MTL_ENABLE_DEBUG_INFO = INCLUDE_SOURCE;
				MTL_FAST_MATH = YES;
				ONLY_ACTIVE_ARCH = YES;
				SWIFT_ACTIVE_COMPILATION_CONDITIONS = "DEBUG $(inherited)";
				SWIFT_OPTIMIZATION_LEVEL = "-Onone";
			};
			name = Debug;
		};
		0A89E0F82CE3117A00DFD3A4 /* Release */ = {
			isa = XCBuildConfiguration;
			buildSettings = {
				ALWAYS_SEARCH_USER_PATHS = NO;
				ASSETCATALOG_COMPILER_GENERATE_SWIFT_ASSET_SYMBOL_EXTENSIONS = YES;
				CLANG_ANALYZER_NONNULL = YES;
				CLANG_ANALYZER_NUMBER_OBJECT_CONVERSION = YES_AGGRESSIVE;
				CLANG_CXX_LANGUAGE_STANDARD = "gnu++20";
				CLANG_ENABLE_MODULES = YES;
				CLANG_ENABLE_OBJC_ARC = YES;
				CLANG_ENABLE_OBJC_WEAK = YES;
				CLANG_WARN_BLOCK_CAPTURE_AUTORELEASING = YES;
				CLANG_WARN_BOOL_CONVERSION = YES;
				CLANG_WARN_COMMA = YES;
				CLANG_WARN_CONSTANT_CONVERSION = YES;
				CLANG_WARN_DEPRECATED_OBJC_IMPLEMENTATIONS = YES;
				CLANG_WARN_DIRECT_OBJC_ISA_USAGE = YES_ERROR;
				CLANG_WARN_DOCUMENTATION_COMMENTS = YES;
				CLANG_WARN_EMPTY_BODY = YES;
				CLANG_WARN_ENUM_CONVERSION = YES;
				CLANG_WARN_INFINITE_RECURSION = YES;
				CLANG_WARN_INT_CONVERSION = YES;
				CLANG_WARN_NON_LITERAL_NULL_CONVERSION = YES;
				CLANG_WARN_OBJC_IMPLICIT_RETAIN_SELF = YES;
				CLANG_WARN_OBJC_LITERAL_CONVERSION = YES;
				CLANG_WARN_OBJC_ROOT_CLASS = YES_ERROR;
				CLANG_WARN_QUOTED_INCLUDE_IN_FRAMEWORK_HEADER = YES;
				CLANG_WARN_RANGE_LOOP_ANALYSIS = YES;
				CLANG_WARN_STRICT_PROTOTYPES = YES;
				CLANG_WARN_SUSPICIOUS_MOVE = YES;
				CLANG_WARN_UNGUARDED_AVAILABILITY = YES_AGGRESSIVE;
				CLANG_WARN_UNREACHABLE_CODE = YES;
				CLANG_WARN__DUPLICATE_METHOD_MATCH = YES;
				COPY_PHASE_STRIP = NO;
				DEBUG_INFORMATION_FORMAT = "dwarf-with-dsym";
				ENABLE_NS_ASSERTIONS = NO;
				ENABLE_STRICT_OBJC_MSGSEND = YES;
				ENABLE_USER_SCRIPT_SANDBOXING = YES;
				GCC_C_LANGUAGE_STANDARD = gnu17;
				GCC_NO_COMMON_BLOCKS = YES;
				GCC_WARN_64_TO_32_BIT_CONVERSION = YES;
				GCC_WARN_ABOUT_RETURN_TYPE = YES_ERROR;
				GCC_WARN_UNDECLARED_SELECTOR = YES;
				GCC_WARN_UNINITIALIZED_AUTOS = YES_AGGRESSIVE;
				GCC_WARN_UNUSED_FUNCTION = YES;
				GCC_WARN_UNUSED_VARIABLE = YES;
				LOCALIZATION_PREFERS_STRING_CATALOGS = YES;
				MTL_ENABLE_DEBUG_INFO = NO;
				MTL_FAST_MATH = YES;
				SWIFT_COMPILATION_MODE = wholemodule;
			};
			name = Release;
		};
		0A89E0FA2CE3117A00DFD3A4 /* Debug */ = {
			isa = XCBuildConfiguration;
			buildSettings = {
				ASSETCATALOG_COMPILER_APPICON_NAME = AppIcon;
				ASSETCATALOG_COMPILER_GLOBAL_ACCENT_COLOR_NAME = AccentColor;
				CODE_SIGN_ENTITLEMENTS = LCVAPortal/LCVAPortal.entitlements;
				CODE_SIGN_STYLE = Automatic;
				CURRENT_PROJECT_VERSION = 1;
				DEVELOPMENT_ASSET_PATHS = "\"LCVAPortal/Preview Content\"";
				DEVELOPMENT_TEAM = ZT8UP49ATX;
				ENABLE_HARDENED_RUNTIME = YES;
				ENABLE_PREVIEWS = YES;
				GENERATE_INFOPLIST_FILE = YES;
				"INFOPLIST_KEY_UIApplicationSceneManifest_Generation[sdk=iphoneos*]" = YES;
				"INFOPLIST_KEY_UIApplicationSceneManifest_Generation[sdk=iphonesimulator*]" = YES;
				"INFOPLIST_KEY_UIApplicationSupportsIndirectInputEvents[sdk=iphoneos*]" = YES;
				"INFOPLIST_KEY_UIApplicationSupportsIndirectInputEvents[sdk=iphonesimulator*]" = YES;
				"INFOPLIST_KEY_UILaunchScreen_Generation[sdk=iphoneos*]" = YES;
				"INFOPLIST_KEY_UILaunchScreen_Generation[sdk=iphonesimulator*]" = YES;
				"INFOPLIST_KEY_UIStatusBarStyle[sdk=iphoneos*]" = UIStatusBarStyleDefault;
				"INFOPLIST_KEY_UIStatusBarStyle[sdk=iphonesimulator*]" = UIStatusBarStyleDefault;
				INFOPLIST_KEY_UISupportedInterfaceOrientations_iPad = "UIInterfaceOrientationPortrait UIInterfaceOrientationPortraitUpsideDown UIInterfaceOrientationLandscapeLeft UIInterfaceOrientationLandscapeRight";
				INFOPLIST_KEY_UISupportedInterfaceOrientations_iPhone = "UIInterfaceOrientationPortrait UIInterfaceOrientationLandscapeLeft UIInterfaceOrientationLandscapeRight";
				IPHONEOS_DEPLOYMENT_TARGET = 18.1;
				LD_RUNPATH_SEARCH_PATHS = "@executable_path/Frameworks";
				"LD_RUNPATH_SEARCH_PATHS[sdk=macosx*]" = "@executable_path/../Frameworks";
				MACOSX_DEPLOYMENT_TARGET = 15.1;
				MARKETING_VERSION = 1.0;
				PRODUCT_BUNDLE_IDENTIFIER = lcva.LCVAPortal;
				PRODUCT_NAME = "$(TARGET_NAME)";
				SDKROOT = auto;
				SUPPORTED_PLATFORMS = "iphoneos iphonesimulator macosx xros xrsimulator";
				SWIFT_EMIT_LOC_STRINGS = YES;
				SWIFT_VERSION = 5.0;
				TARGETED_DEVICE_FAMILY = "1,2,7";
				XROS_DEPLOYMENT_TARGET = 2.1;
			};
			name = Debug;
		};
		0A89E0FB2CE3117A00DFD3A4 /* Release */ = {
			isa = XCBuildConfiguration;
			buildSettings = {
				ASSETCATALOG_COMPILER_APPICON_NAME = AppIcon;
				ASSETCATALOG_COMPILER_GLOBAL_ACCENT_COLOR_NAME = AccentColor;
				CODE_SIGN_ENTITLEMENTS = LCVAPortal/LCVAPortal.entitlements;
				CODE_SIGN_STYLE = Automatic;
				CURRENT_PROJECT_VERSION = 1;
				DEVELOPMENT_ASSET_PATHS = "\"LCVAPortal/Preview Content\"";
				DEVELOPMENT_TEAM = ZT8UP49ATX;
				ENABLE_HARDENED_RUNTIME = YES;
				ENABLE_PREVIEWS = YES;
				GENERATE_INFOPLIST_FILE = YES;
				"INFOPLIST_KEY_UIApplicationSceneManifest_Generation[sdk=iphoneos*]" = YES;
				"INFOPLIST_KEY_UIApplicationSceneManifest_Generation[sdk=iphonesimulator*]" = YES;
				"INFOPLIST_KEY_UIApplicationSupportsIndirectInputEvents[sdk=iphoneos*]" = YES;
				"INFOPLIST_KEY_UIApplicationSupportsIndirectInputEvents[sdk=iphonesimulator*]" = YES;
				"INFOPLIST_KEY_UILaunchScreen_Generation[sdk=iphoneos*]" = YES;
				"INFOPLIST_KEY_UILaunchScreen_Generation[sdk=iphonesimulator*]" = YES;
				"INFOPLIST_KEY_UIStatusBarStyle[sdk=iphoneos*]" = UIStatusBarStyleDefault;
				"INFOPLIST_KEY_UIStatusBarStyle[sdk=iphonesimulator*]" = UIStatusBarStyleDefault;
				INFOPLIST_KEY_UISupportedInterfaceOrientations_iPad = "UIInterfaceOrientationPortrait UIInterfaceOrientationPortraitUpsideDown UIInterfaceOrientationLandscapeLeft UIInterfaceOrientationLandscapeRight";
				INFOPLIST_KEY_UISupportedInterfaceOrientations_iPhone = "UIInterfaceOrientationPortrait UIInterfaceOrientationLandscapeLeft UIInterfaceOrientationLandscapeRight";
				IPHONEOS_DEPLOYMENT_TARGET = 18.1;
				LD_RUNPATH_SEARCH_PATHS = "@executable_path/Frameworks";
				"LD_RUNPATH_SEARCH_PATHS[sdk=macosx*]" = "@executable_path/../Frameworks";
				MACOSX_DEPLOYMENT_TARGET = 15.1;
				MARKETING_VERSION = 1.0;
				PRODUCT_BUNDLE_IDENTIFIER = lcva.LCVAPortal;
				PRODUCT_NAME = "$(TARGET_NAME)";
				SDKROOT = auto;
				SUPPORTED_PLATFORMS = "iphoneos iphonesimulator macosx xros xrsimulator";
				SWIFT_EMIT_LOC_STRINGS = YES;
				SWIFT_VERSION = 5.0;
				TARGETED_DEVICE_FAMILY = "1,2,7";
				XROS_DEPLOYMENT_TARGET = 2.1;
			};
			name = Release;
		};
		0A89E0FD2CE3117A00DFD3A4 /* Debug */ = {
			isa = XCBuildConfiguration;
			buildSettings = {
				BUNDLE_LOADER = "$(TEST_HOST)";
				CODE_SIGN_STYLE = Automatic;
				CURRENT_PROJECT_VERSION = 1;
				DEVELOPMENT_TEAM = ZT8UP49ATX;
				GENERATE_INFOPLIST_FILE = YES;
				IPHONEOS_DEPLOYMENT_TARGET = 18.1;
				MACOSX_DEPLOYMENT_TARGET = 15.1;
				MARKETING_VERSION = 1.0;
				PRODUCT_BUNDLE_IDENTIFIER = lcva.LCVAPortalTests;
				PRODUCT_NAME = "$(TARGET_NAME)";
				SDKROOT = auto;
				SUPPORTED_PLATFORMS = "iphoneos iphonesimulator macosx xros xrsimulator";
				SWIFT_EMIT_LOC_STRINGS = NO;
				SWIFT_VERSION = 5.0;
				TARGETED_DEVICE_FAMILY = "1,2,7";
				TEST_HOST = "$(BUILT_PRODUCTS_DIR)/LCVAPortal.app/$(BUNDLE_EXECUTABLE_FOLDER_PATH)/LCVAPortal";
				XROS_DEPLOYMENT_TARGET = 2.1;
			};
			name = Debug;
		};
		0A89E0FE2CE3117A00DFD3A4 /* Release */ = {
			isa = XCBuildConfiguration;
			buildSettings = {
				BUNDLE_LOADER = "$(TEST_HOST)";
				CODE_SIGN_STYLE = Automatic;
				CURRENT_PROJECT_VERSION = 1;
				DEVELOPMENT_TEAM = ZT8UP49ATX;
				GENERATE_INFOPLIST_FILE = YES;
				IPHONEOS_DEPLOYMENT_TARGET = 18.1;
				MACOSX_DEPLOYMENT_TARGET = 15.1;
				MARKETING_VERSION = 1.0;
				PRODUCT_BUNDLE_IDENTIFIER = lcva.LCVAPortalTests;
				PRODUCT_NAME = "$(TARGET_NAME)";
				SDKROOT = auto;
				SUPPORTED_PLATFORMS = "iphoneos iphonesimulator macosx xros xrsimulator";
				SWIFT_EMIT_LOC_STRINGS = NO;
				SWIFT_VERSION = 5.0;
				TARGETED_DEVICE_FAMILY = "1,2,7";
				TEST_HOST = "$(BUILT_PRODUCTS_DIR)/LCVAPortal.app/$(BUNDLE_EXECUTABLE_FOLDER_PATH)/LCVAPortal";
				XROS_DEPLOYMENT_TARGET = 2.1;
			};
			name = Release;
		};
		0A89E1002CE3117A00DFD3A4 /* Debug */ = {
			isa = XCBuildConfiguration;
			buildSettings = {
				CODE_SIGN_STYLE = Automatic;
				CURRENT_PROJECT_VERSION = 1;
				DEVELOPMENT_TEAM = ZT8UP49ATX;
				GENERATE_INFOPLIST_FILE = YES;
				IPHONEOS_DEPLOYMENT_TARGET = 18.1;
				MACOSX_DEPLOYMENT_TARGET = 15.1;
				MARKETING_VERSION = 1.0;
				PRODUCT_BUNDLE_IDENTIFIER = lcva.LCVAPortalUITests;
				PRODUCT_NAME = "$(TARGET_NAME)";
				SDKROOT = auto;
				SUPPORTED_PLATFORMS = "iphoneos iphonesimulator macosx xros xrsimulator";
				SWIFT_EMIT_LOC_STRINGS = NO;
				SWIFT_VERSION = 5.0;
				TARGETED_DEVICE_FAMILY = "1,2,7";
				TEST_TARGET_NAME = LCVAPortal;
				XROS_DEPLOYMENT_TARGET = 2.1;
			};
			name = Debug;
		};
		0A89E1012CE3117A00DFD3A4 /* Release */ = {
			isa = XCBuildConfiguration;
			buildSettings = {
				CODE_SIGN_STYLE = Automatic;
				CURRENT_PROJECT_VERSION = 1;
				DEVELOPMENT_TEAM = ZT8UP49ATX;
				GENERATE_INFOPLIST_FILE = YES;
				IPHONEOS_DEPLOYMENT_TARGET = 18.1;
				MACOSX_DEPLOYMENT_TARGET = 15.1;
				MARKETING_VERSION = 1.0;
				PRODUCT_BUNDLE_IDENTIFIER = lcva.LCVAPortalUITests;
				PRODUCT_NAME = "$(TARGET_NAME)";
				SDKROOT = auto;
				SUPPORTED_PLATFORMS = "iphoneos iphonesimulator macosx xros xrsimulator";
				SWIFT_EMIT_LOC_STRINGS = NO;
				SWIFT_VERSION = 5.0;
				TARGETED_DEVICE_FAMILY = "1,2,7";
				TEST_TARGET_NAME = LCVAPortal;
				XROS_DEPLOYMENT_TARGET = 2.1;
			};
			name = Release;
		};
/* End XCBuildConfiguration section */

/* Begin XCConfigurationList section */
		0A89E0CF2CE3117900DFD3A4 /* Build configuration list for PBXProject "LCVAPortal" */ = {
			isa = XCConfigurationList;
			buildConfigurations = (
				0A89E0F72CE3117A00DFD3A4 /* Debug */,
				0A89E0F82CE3117A00DFD3A4 /* Release */,
			);
			defaultConfigurationIsVisible = 0;
			defaultConfigurationName = Release;
		};
		0A89E0F92CE3117A00DFD3A4 /* Build configuration list for PBXNativeTarget "LCVAPortal" */ = {
			isa = XCConfigurationList;
			buildConfigurations = (
				0A89E0FA2CE3117A00DFD3A4 /* Debug */,
				0A89E0FB2CE3117A00DFD3A4 /* Release */,
			);
			defaultConfigurationIsVisible = 0;
			defaultConfigurationName = Release;
		};
		0A89E0FC2CE3117A00DFD3A4 /* Build configuration list for PBXNativeTarget "LCVAPortalTests" */ = {
			isa = XCConfigurationList;
			buildConfigurations = (
				0A89E0FD2CE3117A00DFD3A4 /* Debug */,
				0A89E0FE2CE3117A00DFD3A4 /* Release */,
			);
			defaultConfigurationIsVisible = 0;
			defaultConfigurationName = Release;
		};
		0A89E0FF2CE3117A00DFD3A4 /* Build configuration list for PBXNativeTarget "LCVAPortalUITests" */ = {
			isa = XCConfigurationList;
			buildConfigurations = (
				0A89E1002CE3117A00DFD3A4 /* Debug */,
				0A89E1012CE3117A00DFD3A4 /* Release */,
			);
			defaultConfigurationIsVisible = 0;
			defaultConfigurationName = Release;
		};
/* End XCConfigurationList section */

/* Begin XCRemoteSwiftPackageReference section */
		0AFD4BDB2CE69DAF00A7B421 /* XCRemoteSwiftPackageReference "firebase-ios-sdk" */ = {
			isa = XCRemoteSwiftPackageReference;
			repositoryURL = "https://github.com/firebase/firebase-ios-sdk";
			requirement = {
				kind = upToNextMajorVersion;
				minimumVersion = 11.5.0;
			};
		};
/* End XCRemoteSwiftPackageReference section */

/* Begin XCSwiftPackageProductDependency section */
		0AFD4BDC2CE69DAF00A7B421 /* FirebaseAuth */ = {
			isa = XCSwiftPackageProductDependency;
			package = 0AFD4BDB2CE69DAF00A7B421 /* XCRemoteSwiftPackageReference "firebase-ios-sdk" */;
			productName = FirebaseAuth;
		};
		0AFD4BDE2CE69DAF00A7B421 /* FirebaseCore */ = {
			isa = XCSwiftPackageProductDependency;
			package = 0AFD4BDB2CE69DAF00A7B421 /* XCRemoteSwiftPackageReference "firebase-ios-sdk" */;
			productName = FirebaseCore;
		};
		0AFD4BE02CE69DAF00A7B421 /* FirebaseFirestore */ = {
			isa = XCSwiftPackageProductDependency;
			package = 0AFD4BDB2CE69DAF00A7B421 /* XCRemoteSwiftPackageReference "firebase-ios-sdk" */;
			productName = FirebaseFirestore;
		};
		0AFD4BE22CE69DAF00A7B421 /* FirebaseStorage */ = {
			isa = XCSwiftPackageProductDependency;
			package = 0AFD4BDB2CE69DAF00A7B421 /* XCRemoteSwiftPackageReference "firebase-ios-sdk" */;
			productName = FirebaseStorage;
		};
/* End XCSwiftPackageProductDependency section */
	};
	rootObject = 0A89E0CC2CE3117900DFD3A4 /* Project object */;
}
